
Microsoft Visual Studio Solution File, Format Version 12.00
# Visual Studio 15
VisualStudioVersion = 15.0.26124.0
MinimumVisualStudioVersion = 15.0.26124.0
Project("{FAE04EC0-301F-11D3-BF4B-00C04F79EFBC}") = "CursoEFCore", "Curso\CursoEFCore.csproj", "{CCBF3EA4-8B74-444D-953D-FD17B8DCAD33}"
EndProject
Project("{FAE04EC0-301F-11D3-BF4B-00C04F79EFBC}") = "DominandoEFCore", "DominandoEFCore\DominandoEFCore.csproj", "{B610FCB9-04C5-457E-B752-3E82279147A2}"
EndProject
Project("{FAE04EC0-301F-11D3-BF4B-00C04F79EFBC}") = "DominandoEFCore.AulaMigrations", "DominandoEFCore.AulaMigrations\DominandoEFCore.AulaMigrations.csproj", "{A9AD30D6-5C9B-40BA-85A5-ECA8AB78659D}"
EndProject
Project("{2150E333-8FDC-42A3-9474-1A3956D46DE8}") = "16-Acessando outros bancos", "16-Acessando outros bancos", "{F0C20785-96FC-4AAE-960E-9F6848843FE5}"
EndProject
Project("{FAE04EC0-301F-11D3-BF4B-00C04F79EFBC}") = "DominandoEFCore.BancoPostgresSql", "DominandoEFCore.BancoPostgresSql\DominandoEFCore.BancoPostgresSql.csproj", "{751651CD-0855-40F5-80E5-780C3B3351C6}"
EndProject
Global
	GlobalSection(SolutionConfigurationPlatforms) = preSolution
		Debug|Any CPU = Debug|Any CPU
		Debug|x64 = Debug|x64
		Debug|x86 = Debug|x86
		Release|Any CPU = Release|Any CPU
		Release|x64 = Release|x64
		Release|x86 = Release|x86
	EndGlobalSection
	GlobalSection(SolutionProperties) = preSolution
		HideSolutionNode = FALSE
	EndGlobalSection
	GlobalSection(ProjectConfigurationPlatforms) = postSolution
		{CCBF3EA4-8B74-444D-953D-FD17B8DCAD33}.Debug|Any CPU.ActiveCfg = Debug|Any CPU
		{CCBF3EA4-8B74-444D-953D-FD17B8DCAD33}.Debug|Any CPU.Build.0 = Debug|Any CPU
		{CCBF3EA4-8B74-444D-953D-FD17B8DCAD33}.Debug|x64.ActiveCfg = Debug|Any CPU
		{CCBF3EA4-8B74-444D-953D-FD17B8DCAD33}.Debug|x64.Build.0 = Debug|Any CPU
		{CCBF3EA4-8B74-444D-953D-FD17B8DCAD33}.Debug|x86.ActiveCfg = Debug|Any CPU
		{CCBF3EA4-8B74-444D-953D-FD17B8DCAD33}.Debug|x86.Build.0 = Debug|Any CPU
		{CCBF3EA4-8B74-444D-953D-FD17B8DCAD33}.Release|Any CPU.ActiveCfg = Release|Any CPU
		{CCBF3EA4-8B74-444D-953D-FD17B8DCAD33}.Release|Any CPU.Build.0 = Release|Any CPU
		{CCBF3EA4-8B74-444D-953D-FD17B8DCAD33}.Release|x64.ActiveCfg = Release|Any CPU
		{CCBF3EA4-8B74-444D-953D-FD17B8DCAD33}.Release|x64.Build.0 = Release|Any CPU
		{CCBF3EA4-8B74-444D-953D-FD17B8DCAD33}.Release|x86.ActiveCfg = Release|Any CPU
		{CCBF3EA4-8B74-444D-953D-FD17B8DCAD33}.Release|x86.Build.0 = Release|Any CPU
		{B610FCB9-04C5-457E-B752-3E82279147A2}.Debug|Any CPU.ActiveCfg = Debug|Any CPU
		{B610FCB9-04C5-457E-B752-3E82279147A2}.Debug|Any CPU.Build.0 = Debug|Any CPU
		{B610FCB9-04C5-457E-B752-3E82279147A2}.Debug|x64.ActiveCfg = Debug|Any CPU
		{B610FCB9-04C5-457E-B752-3E82279147A2}.Debug|x64.Build.0 = Debug|Any CPU
		{B610FCB9-04C5-457E-B752-3E82279147A2}.Debug|x86.ActiveCfg = Debug|Any CPU
		{B610FCB9-04C5-457E-B752-3E82279147A2}.Debug|x86.Build.0 = Debug|Any CPU
		{B610FCB9-04C5-457E-B752-3E82279147A2}.Release|Any CPU.ActiveCfg = Release|Any CPU
		{B610FCB9-04C5-457E-B752-3E82279147A2}.Release|Any CPU.Build.0 = Release|Any CPU
		{B610FCB9-04C5-457E-B752-3E82279147A2}.Release|x64.ActiveCfg = Release|Any CPU
		{B610FCB9-04C5-457E-B752-3E82279147A2}.Release|x64.Build.0 = Release|Any CPU
		{B610FCB9-04C5-457E-B752-3E82279147A2}.Release|x86.ActiveCfg = Release|Any CPU
		{B610FCB9-04C5-457E-B752-3E82279147A2}.Release|x86.Build.0 = Release|Any CPU
		{A9AD30D6-5C9B-40BA-85A5-ECA8AB78659D}.Debug|Any CPU.ActiveCfg = Debug|Any CPU
		{A9AD30D6-5C9B-40BA-85A5-ECA8AB78659D}.Debug|Any CPU.Build.0 = Debug|Any CPU
		{A9AD30D6-5C9B-40BA-85A5-ECA8AB78659D}.Debug|x64.ActiveCfg = Debug|Any CPU
		{A9AD30D6-5C9B-40BA-85A5-ECA8AB78659D}.Debug|x64.Build.0 = Debug|Any CPU
		{A9AD30D6-5C9B-40BA-85A5-ECA8AB78659D}.Debug|x86.ActiveCfg = Debug|Any CPU
		{A9AD30D6-5C9B-40BA-85A5-ECA8AB78659D}.Debug|x86.Build.0 = Debug|Any CPU
		{A9AD30D6-5C9B-40BA-85A5-ECA8AB78659D}.Release|Any CPU.ActiveCfg = Release|Any CPU
		{A9AD30D6-5C9B-40BA-85A5-ECA8AB78659D}.Release|Any CPU.Build.0 = Release|Any CPU
		{A9AD30D6-5C9B-40BA-85A5-ECA8AB78659D}.Release|x64.ActiveCfg = Release|Any CPU
		{A9AD30D6-5C9B-40BA-85A5-ECA8AB78659D}.Release|x64.Build.0 = Release|Any CPU
		{A9AD30D6-5C9B-40BA-85A5-ECA8AB78659D}.Release|x86.ActiveCfg = Release|Any CPU
		{A9AD30D6-5C9B-40BA-85A5-ECA8AB78659D}.Release|x86.Build.0 = Release|Any CPU
		{751651CD-0855-40F5-80E5-780C3B3351C6}.Debug|Any CPU.ActiveCfg = Debug|Any CPU
		{751651CD-0855-40F5-80E5-780C3B3351C6}.Debug|Any CPU.Build.0 = Debug|Any CPU
		{751651CD-0855-40F5-80E5-780C3B3351C6}.Debug|x64.ActiveCfg = Debug|Any CPU
		{751651CD-0855-40F5-80E5-780C3B3351C6}.Debug|x64.Build.0 = Debug|Any CPU
		{751651CD-0855-40F5-80E5-780C3B3351C6}.Debug|x86.ActiveCfg = Debug|Any CPU
		{751651CD-0855-40F5-80E5-780C3B3351C6}.Debug|x86.Build.0 = Debug|Any CPU
		{751651CD-0855-40F5-80E5-780C3B3351C6}.Release|Any CPU.ActiveCfg = Release|Any CPU
		{751651CD-0855-40F5-80E5-780C3B3351C6}.Release|Any CPU.Build.0 = Release|Any CPU
		{751651CD-0855-40F5-80E5-780C3B3351C6}.Release|x64.ActiveCfg = Release|Any CPU
		{751651CD-0855-40F5-80E5-780C3B3351C6}.Release|x64.Build.0 = Release|Any CPU
		{751651CD-0855-40F5-80E5-780C3B3351C6}.Release|x86.ActiveCfg = Release|Any CPU
		{751651CD-0855-40F5-80E5-780C3B3351C6}.Release|x86.Build.0 = Release|Any CPU
	EndGlobalSection
	GlobalSection(NestedProjects) = preSolution
		{751651CD-0855-40F5-80E5-780C3B3351C6} = {F0C20785-96FC-4AAE-960E-9F6848843FE5}
	EndGlobalSection
EndGlobal
